
Microsoft Visual Studio Solution File, Format Version 12.00
# Visual Studio 15
VisualStudioVersion = 15.0.26403.3
MinimumVisualStudioVersion = 10.0.40219.1
Project("{FAE04EC0-301F-11D3-BF4B-00C04F79EFBC}") = "SolRIA.SaftAnalyser", "SolRIA.SaftAnalyser\SolRIA.SaftAnalyser.csproj", "{D354419F-825C-42DF-B922-0D0C207497A1}"
EndProject
Project("{FAE04EC0-301F-11D3-BF4B-00C04F79EFBC}") = "SolRIA.SaftAnalyser.Logic", "SolRIA.SaftAnalyser.Logic\SolRIA.SaftAnalyser.Logic.csproj", "{E880A824-266F-4D0B-9385-2A0FAAF64DA8}"
EndProject
Global
	GlobalSection(SolutionConfigurationPlatforms) = preSolution
		Debug|Any CPU = Debug|Any CPU
		Release|Any CPU = Release|Any CPU
	EndGlobalSection
	GlobalSection(ProjectConfigurationPlatforms) = postSolution
		{D354419F-825C-42DF-B922-0D0C207497A1}.Debug|Any CPU.ActiveCfg = Debug|Any CPU
		{D354419F-825C-42DF-B922-0D0C207497A1}.Debug|Any CPU.Build.0 = Debug|Any CPU
		{D354419F-825C-42DF-B922-0D0C207497A1}.Release|Any CPU.ActiveCfg = Release|Any CPU
		{D354419F-825C-42DF-B922-0D0C207497A1}.Release|Any CPU.Build.0 = Release|Any CPU
		{E880A824-266F-4D0B-9385-2A0FAAF64DA8}.Debug|Any CPU.ActiveCfg = Debug|Any CPU
		{E880A824-266F-4D0B-9385-2A0FAAF64DA8}.Debug|Any CPU.Build.0 = Debug|Any CPU
		{E880A824-266F-4D0B-9385-2A0FAAF64DA8}.Release|Any CPU.ActiveCfg = Release|Any CPU
		{E880A824-266F-4D0B-9385-2A0FAAF64DA8}.Release|Any CPU.Build.0 = Release|Any CPU
	EndGlobalSection
	GlobalSection(SolutionProperties) = preSolution
		HideSolutionNode = FALSE
	EndGlobalSection
EndGlobal
